
Microsoft Visual Studio Solution File, Format Version 12.00
# Visual Studio 2012
Project("{FAE04EC0-301F-11D3-BF4B-00C04F79EFBC}") = "AsyncFirstExample", "AsyncFirstExample\AsyncFirstExample.csproj", "{D1F148B6-DE3E-47CF-BEDB-132F4857A63F}"
EndProject
Global
	GlobalSection(SolutionConfigurationPlatforms) = preSolution
		Debug|Any CPU = Debug|Any CPU
		Release|Any CPU = Release|Any CPU
	EndGlobalSection
	GlobalSection(ProjectConfigurationPlatforms) = postSolution
		{D1F148B6-DE3E-47CF-BEDB-132F4857A63F}.Debug|Any CPU.ActiveCfg = Debug|Any CPU
		{D1F148B6-DE3E-47CF-BEDB-132F4857A63F}.Debug|Any CPU.Build.0 = Debug|Any CPU
		{D1F148B6-DE3E-47CF-BEDB-132F4857A63F}.Release|Any CPU.ActiveCfg = Release|Any CPU
		{D1F148B6-DE3E-47CF-BEDB-132F4857A63F}.Release|Any CPU.Build.0 = Release|Any CPU
	EndGlobalSection
	GlobalSection(SolutionProperties) = preSolution
		HideSolutionNode = FALSE
	EndGlobalSection
EndGlobal
